
Microsoft Visual Studio Solution File, Format Version 12.00
# Visual Studio Version 16
VisualStudioVersion = 16.0.31624.102
MinimumVisualStudioVersion = 10.0.40219.1
Project("{FAE04EC0-301F-11D3-BF4B-00C04F79EFBC}") = "Tech Assignment 1 - Simple Console Apps", "Tech Assignment 1 - Simple Console Apps.csproj", "{97279D65-6ED4-4284-93ED-C4A02FD3CB1C}"
EndProject
Global
	GlobalSection(SolutionConfigurationPlatforms) = preSolution
		Debug|Any CPU = Debug|Any CPU
		Release|Any CPU = Release|Any CPU
	EndGlobalSection
	GlobalSection(ProjectConfigurationPlatforms) = postSolution
		{97279D65-6ED4-4284-93ED-C4A02FD3CB1C}.Debug|Any CPU.ActiveCfg = Debug|Any CPU
		{97279D65-6ED4-4284-93ED-C4A02FD3CB1C}.Debug|Any CPU.Build.0 = Debug|Any CPU
		{97279D65-6ED4-4284-93ED-C4A02FD3CB1C}.Release|Any CPU.ActiveCfg = Release|Any CPU
		{97279D65-6ED4-4284-93ED-C4A02FD3CB1C}.Release|Any CPU.Build.0 = Release|Any CPU
	EndGlobalSection
	GlobalSection(SolutionProperties) = preSolution
		HideSolutionNode = FALSE
	EndGlobalSection
	GlobalSection(ExtensibilityGlobals) = postSolution
		SolutionGuid = {9D5BC3CC-1857-45AC-B23C-74DB5F94123D}
	EndGlobalSection
EndGlobal
